
Microsoft Visual Studio Solution File, Format Version 12.00
# Visual Studio Version 17
VisualStudioVersion = 17.3.32901.215
MinimumVisualStudioVersion = 10.0.40219.1
Project("{2150E333-8FDC-42A3-9474-1A3956D46DE8}") = "src", "src", "{82DEC2C9-3D49-48B5-9E10-4E8A8638D63C}"
EndProject
Project("{2150E333-8FDC-42A3-9474-1A3956D46DE8}") = "BulletinBoard", "BulletinBoard", "{EAF64F20-EDEF-4DAC-B80D-936E0A40C10A}"
EndProject
Project("{9A19103F-16F7-4668-BE54-9A1E7A4F7556}") = "BulletinBoard.Api", "BulletinBoard.Api\BulletinBoard.Api.csproj", "{4053D7ED-A7DB-4620-B148-BBFB9975B74B}"
EndProject
Project("{2150E333-8FDC-42A3-9474-1A3956D46DE8}") = "Hosts", "Hosts", "{4087D3F0-ABBC-4E58-8E51-0532E771151F}"
EndProject
Project("{2150E333-8FDC-42A3-9474-1A3956D46DE8}") = "Contracts", "Contracts", "{A7F835D3-9679-49DE-9184-D186D790792A}"
EndProject
Project("{9A19103F-16F7-4668-BE54-9A1E7A4F7556}") = "BulletinBoard.Contracts", "BulletinBoard.Contracts\BulletinBoard.Contracts.csproj", "{95A4324F-B848-41CD-9C49-6F22DDB42CF3}"
EndProject
Project("{2150E333-8FDC-42A3-9474-1A3956D46DE8}") = "Domain", "Domain", "{EC7DBEF1-58E6-416C-B7C5-5A69E401B9B4}"
EndProject
Project("{9A19103F-16F7-4668-BE54-9A1E7A4F7556}") = "BulletinBoard.Domain", "BulletinBoard.Domain\BulletinBoard.Domain.csproj", "{58B1F0F9-3B3E-4F2A-A8B2-192E73BC2BB3}"
EndProject
Project("{2150E333-8FDC-42A3-9474-1A3956D46DE8}") = "Infrastracture", "Infrastracture", "{70A739B7-7712-470D-8B07-F4932B1D14AF}"
EndProject
Project("{9A19103F-16F7-4668-BE54-9A1E7A4F7556}") = "BulletinBoard.DataAccess", "BulletinBoard.DataAccess\BulletinBoard.DataAccess.csproj", "{C63C4DF7-663E-49A2-BEC0-5C415086FF6D}"
EndProject
Project("{9A19103F-16F7-4668-BE54-9A1E7A4F7556}") = "BulletinBoard.Registrar", "BulletinBoard.Registrar\BulletinBoard.Registrar.csproj", "{47E43EBB-0DD9-4D63-B0A6-C564768BB578}"
EndProject
Project("{FAE04EC0-301F-11D3-BF4B-00C04F79EFBC}") = "BulletinBoard.Migrations", "BulletinBoard.Migrations\BulletinBoard.Migrations.csproj", "{99000415-B953-4CF9-83C3-66C84E56AB09}"
EndProject
Global
	GlobalSection(SolutionConfigurationPlatforms) = preSolution
		Debug|Any CPU = Debug|Any CPU
		Release|Any CPU = Release|Any CPU
	EndGlobalSection
	GlobalSection(ProjectConfigurationPlatforms) = postSolution
		{4053D7ED-A7DB-4620-B148-BBFB9975B74B}.Debug|Any CPU.ActiveCfg = Debug|Any CPU
		{4053D7ED-A7DB-4620-B148-BBFB9975B74B}.Debug|Any CPU.Build.0 = Debug|Any CPU
		{4053D7ED-A7DB-4620-B148-BBFB9975B74B}.Release|Any CPU.ActiveCfg = Release|Any CPU
		{4053D7ED-A7DB-4620-B148-BBFB9975B74B}.Release|Any CPU.Build.0 = Release|Any CPU
		{95A4324F-B848-41CD-9C49-6F22DDB42CF3}.Debug|Any CPU.ActiveCfg = Debug|Any CPU
		{95A4324F-B848-41CD-9C49-6F22DDB42CF3}.Debug|Any CPU.Build.0 = Debug|Any CPU
		{95A4324F-B848-41CD-9C49-6F22DDB42CF3}.Release|Any CPU.ActiveCfg = Release|Any CPU
		{95A4324F-B848-41CD-9C49-6F22DDB42CF3}.Release|Any CPU.Build.0 = Release|Any CPU
		{58B1F0F9-3B3E-4F2A-A8B2-192E73BC2BB3}.Debug|Any CPU.ActiveCfg = Debug|Any CPU
		{58B1F0F9-3B3E-4F2A-A8B2-192E73BC2BB3}.Debug|Any CPU.Build.0 = Debug|Any CPU
		{58B1F0F9-3B3E-4F2A-A8B2-192E73BC2BB3}.Release|Any CPU.ActiveCfg = Release|Any CPU
		{58B1F0F9-3B3E-4F2A-A8B2-192E73BC2BB3}.Release|Any CPU.Build.0 = Release|Any CPU
		{C63C4DF7-663E-49A2-BEC0-5C415086FF6D}.Debug|Any CPU.ActiveCfg = Debug|Any CPU
		{C63C4DF7-663E-49A2-BEC0-5C415086FF6D}.Debug|Any CPU.Build.0 = Debug|Any CPU
		{C63C4DF7-663E-49A2-BEC0-5C415086FF6D}.Release|Any CPU.ActiveCfg = Release|Any CPU
		{C63C4DF7-663E-49A2-BEC0-5C415086FF6D}.Release|Any CPU.Build.0 = Release|Any CPU
		{47E43EBB-0DD9-4D63-B0A6-C564768BB578}.Debug|Any CPU.ActiveCfg = Debug|Any CPU
		{47E43EBB-0DD9-4D63-B0A6-C564768BB578}.Debug|Any CPU.Build.0 = Debug|Any CPU
		{47E43EBB-0DD9-4D63-B0A6-C564768BB578}.Release|Any CPU.ActiveCfg = Release|Any CPU
		{47E43EBB-0DD9-4D63-B0A6-C564768BB578}.Release|Any CPU.Build.0 = Release|Any CPU
		{99000415-B953-4CF9-83C3-66C84E56AB09}.Debug|Any CPU.ActiveCfg = Debug|Any CPU
		{99000415-B953-4CF9-83C3-66C84E56AB09}.Debug|Any CPU.Build.0 = Debug|Any CPU
		{99000415-B953-4CF9-83C3-66C84E56AB09}.Release|Any CPU.ActiveCfg = Release|Any CPU
		{99000415-B953-4CF9-83C3-66C84E56AB09}.Release|Any CPU.Build.0 = Release|Any CPU
	EndGlobalSection
	GlobalSection(SolutionProperties) = preSolution
		HideSolutionNode = FALSE
	EndGlobalSection
	GlobalSection(NestedProjects) = preSolution
		{EAF64F20-EDEF-4DAC-B80D-936E0A40C10A} = {82DEC2C9-3D49-48B5-9E10-4E8A8638D63C}
		{4053D7ED-A7DB-4620-B148-BBFB9975B74B} = {4087D3F0-ABBC-4E58-8E51-0532E771151F}
		{4087D3F0-ABBC-4E58-8E51-0532E771151F} = {EAF64F20-EDEF-4DAC-B80D-936E0A40C10A}
		{A7F835D3-9679-49DE-9184-D186D790792A} = {EAF64F20-EDEF-4DAC-B80D-936E0A40C10A}
		{95A4324F-B848-41CD-9C49-6F22DDB42CF3} = {A7F835D3-9679-49DE-9184-D186D790792A}
		{EC7DBEF1-58E6-416C-B7C5-5A69E401B9B4} = {EAF64F20-EDEF-4DAC-B80D-936E0A40C10A}
		{58B1F0F9-3B3E-4F2A-A8B2-192E73BC2BB3} = {EC7DBEF1-58E6-416C-B7C5-5A69E401B9B4}
		{70A739B7-7712-470D-8B07-F4932B1D14AF} = {EAF64F20-EDEF-4DAC-B80D-936E0A40C10A}
		{C63C4DF7-663E-49A2-BEC0-5C415086FF6D} = {70A739B7-7712-470D-8B07-F4932B1D14AF}
		{47E43EBB-0DD9-4D63-B0A6-C564768BB578} = {70A739B7-7712-470D-8B07-F4932B1D14AF}
		{99000415-B953-4CF9-83C3-66C84E56AB09} = {70A739B7-7712-470D-8B07-F4932B1D14AF}
	EndGlobalSection
	GlobalSection(ExtensibilityGlobals) = postSolution
		SolutionGuid = {5AA8E965-23D0-4D55-93B4-C629ADF775F1}
	EndGlobalSection
EndGlobal
